<?xml version="1.0" encoding="utf-8"?>
<Project ToolsVersion="4.0" xmlns="http://schemas.microsoft.com/developer/msbuild/2003">
  <ItemGroup>
    <Filter Include="..">
      <UniqueIdentifier>{bf38b03b-8ec0-4fbc-b505-aaf6b4977f71}</UniqueIdentifier>
    </Filter>
    <Filter Include="..\..">
      <UniqueIdentifier>{c3668757-bd26-4832-9651-c5a5a3194ad2}</UniqueIdentifier>
    </Filter>
    <Filter Include="..\..\..">
      <UniqueIdentifier>{61186720-7dab-4f89-b74a-898ae5652a94}</UniqueIdentifier>
    </Filter>
    <Filter Include="..\..\..\common">
      <UniqueIdentifier>{394501b5-9c3b-4712-b263-dd01788ccfc1}</UniqueIdentifier>
    </Filter>
    <Filter Include="..\..\..\processor">
      <UniqueIdentifier>{383d1975-9f82-400a-886a-f55a9ecd957f}</UniqueIdentifier>
    </Filter>
  </ItemGroup>
  <ItemGroup>
    <None Include="client_tests.gyp" />
  </ItemGroup>
  <ItemGroup>
    <ClCompile Include="..\..\..\common\string_conversion.cc">
      <Filter>..\..\..\common</Filter>
    </ClCompile>
    <ClCompile Include="..\..\..\processor\basic_code_modules.cc">
      <Filter>..\..\..\processor</Filter>
    </ClCompile>
    <ClCompile Include="..\..\..\processor\dump_context.cc">
      <Filter>..\..\..\processor</Filter>
    </ClCompile>
    <ClCompile Include="..\..\..\processor\dump_object.cc">
      <Filter>..\..\..\processor</Filter>
    </ClCompile>
    <ClCompile Include="..\..\..\processor\logging.cc">
      <Filter>..\..\..\processor</Filter>
    </ClCompile>
    <ClCompile Include="..\..\..\processor\minidump.cc">
      <Filter>..\..\..\processor</Filter>
    </ClCompile>
    <ClCompile Include="..\..\..\processor\pathname_stripper.cc">
      <Filter>..\..\..\processor</Filter>
    </ClCompile>
    <ClCompile Include="..\..\..\processor\proc_maps_linux.cc">
      <Filter>..\..\..\processor</Filter>
    </ClCompile>
  </ItemGroup>
</Project>